// !$*UTF8*$!
{
	archiveVersion = 1;
	classes = {
	};
	objectVersion = 55;
	objects = {

/* Begin PBXBuildFile section */
		1234F5F12850A32A0078B008 /* AppDelegate.swift in Sources */ = {isa = PBXBuildFile; fileRef = 1234F5F02850A32A0078B008 /* AppDelegate.swift */; };
		1234F5F32850A32A0078B008 /* ViewController.swift in Sources */ = {isa = PBXBuildFile; fileRef = 1234F5F22850A32A0078B008 /* ViewController.swift */; };
		1234F5F52850A32B0078B008 /* Assets.xcassets in Resources */ = {isa = PBXBuildFile; fileRef = 1234F5F42850A32B0078B008 /* Assets.xcassets */; };
		1234F5F82850A32B0078B008 /* Main.storyboard in Resources */ = {isa = PBXBuildFile; fileRef = 1234F5F62850A32B0078B008 /* Main.storyboard */; };
		1234F6042850A33A0078B008 /* AppDelegate.swift in Sources */ = {isa = PBXBuildFile; fileRef = 1234F6032850A33A0078B008 /* AppDelegate.swift */; };
		1234F6062850A33A0078B008 /* SceneDelegate.swift in Sources */ = {isa = PBXBuildFile; fileRef = 1234F6052850A33A0078B008 /* SceneDelegate.swift */; };
		1234F6082850A33A0078B008 /* ViewController.swift in Sources */ = {isa = PBXBuildFile; fileRef = 1234F6072850A33A0078B008 /* ViewController.swift */; };
		1234F60B2850A33A0078B008 /* Main.storyboard in Resources */ = {isa = PBXBuildFile; fileRef = 1234F6092850A33A0078B008 /* Main.storyboard */; };
		1234F60D2850A33B0078B008 /* Assets.xcassets in Resources */ = {isa = PBXBuildFile; fileRef = 1234F60C2850A33B0078B008 /* Assets.xcassets */; };
		1234F6102850A33B0078B008 /* LaunchScreen.storyboard in Resources */ = {isa = PBXBuildFile; fileRef = 1234F60E2850A33B0078B008 /* LaunchScreen.storyboard */; };
		1284C807284EECBC0015FE45 /* Device.swift in Sources */ = {isa = PBXBuildFile; fileRef = 1284C806284EECBC0015FE45 /* Device.swift */; };
		12F01D9728488E3E00E42610 /* DeviceKit.h in Headers */ = {isa = PBXBuildFile; fileRef = 12F01D9628488E3E00E42610 /* DeviceKit.h */; settings = {ATTRIBUTES = (Public, ); }; };
		12F01D9F28488F7800E42610 /* DeviceSize.swift in Sources */ = {isa = PBXBuildFile; fileRef = 12F01D9E28488F7800E42610 /* DeviceSize.swift */; };
/* End PBXBuildFile section */

/* Begin PBXFileReference section */
		1234F5EE2850A32A0078B008 /* MacDemo.app */ = {isa = PBXFileReference; explicitFileType = wrapper.application; includeInIndex = 0; path = MacDemo.app; sourceTree = BUILT_PRODUCTS_DIR; };
		1234F5F02850A32A0078B008 /* AppDelegate.swift */ = {isa = PBXFileReference; lastKnownFileType = sourcecode.swift; path = AppDelegate.swift; sourceTree = "<group>"; };
		1234F5F22850A32A0078B008 /* ViewController.swift */ = {isa = PBXFileReference; lastKnownFileType = sourcecode.swift; path = ViewController.swift; sourceTree = "<group>"; };
		1234F5F42850A32B0078B008 /* Assets.xcassets */ = {isa = PBXFileReference; lastKnownFileType = folder.assetcatalog; path = Assets.xcassets; sourceTree = "<group>"; };
		1234F5F72850A32B0078B008 /* Base */ = {isa = PBXFileReference; lastKnownFileType = file.storyboard; name = Base; path = Base.lproj/Main.storyboard; sourceTree = "<group>"; };
		1234F5F92850A32B0078B008 /* MacDemo.entitlements */ = {isa = PBXFileReference; lastKnownFileType = text.plist.entitlements; path = MacDemo.entitlements; sourceTree = "<group>"; };
		1234F6012850A33A0078B008 /* iOSDemo.app */ = {isa = PBXFileReference; explicitFileType = wrapper.application; includeInIndex = 0; path = iOSDemo.app; sourceTree = BUILT_PRODUCTS_DIR; };
		1234F6032850A33A0078B008 /* AppDelegate.swift */ = {isa = PBXFileReference; lastKnownFileType = sourcecode.swift; path = AppDelegate.swift; sourceTree = "<group>"; };
		1234F6052850A33A0078B008 /* SceneDelegate.swift */ = {isa = PBXFileReference; lastKnownFileType = sourcecode.swift; path = SceneDelegate.swift; sourceTree = "<group>"; };
		1234F6072850A33A0078B008 /* ViewController.swift */ = {isa = PBXFileReference; lastKnownFileType = sourcecode.swift; path = ViewController.swift; sourceTree = "<group>"; };
		1234F60A2850A33A0078B008 /* Base */ = {isa = PBXFileReference; lastKnownFileType = file.storyboard; name = Base; path = Base.lproj/Main.storyboard; sourceTree = "<group>"; };
		1234F60C2850A33B0078B008 /* Assets.xcassets */ = {isa = PBXFileReference; lastKnownFileType = folder.assetcatalog; path = Assets.xcassets; sourceTree = "<group>"; };
		1234F60F2850A33B0078B008 /* Base */ = {isa = PBXFileReference; lastKnownFileType = file.storyboard; name = Base; path = Base.lproj/LaunchScreen.storyboard; sourceTree = "<group>"; };
		1234F6112850A33B0078B008 /* Info.plist */ = {isa = PBXFileReference; lastKnownFileType = text.plist.xml; path = Info.plist; sourceTree = "<group>"; };
		1284C806284EECBC0015FE45 /* Device.swift */ = {isa = PBXFileReference; lastKnownFileType = sourcecode.swift; path = Device.swift; sourceTree = "<group>"; };
		12F01D9328488E3E00E42610 /* DeviceKit.framework */ = {isa = PBXFileReference; explicitFileType = wrapper.framework; includeInIndex = 0; path = DeviceKit.framework; sourceTree = BUILT_PRODUCTS_DIR; };
		12F01D9628488E3E00E42610 /* DeviceKit.h */ = {isa = PBXFileReference; lastKnownFileType = sourcecode.c.h; path = DeviceKit.h; sourceTree = "<group>"; };
		12F01D9E28488F7800E42610 /* DeviceSize.swift */ = {isa = PBXFileReference; lastKnownFileType = sourcecode.swift; path = DeviceSize.swift; sourceTree = "<group>"; };
/* End PBXFileReference section */

/* Begin PBXFrameworksBuildPhase section */
		1234F5EB2850A32A0078B008 /* Frameworks */ = {
			isa = PBXFrameworksBuildPhase;
			buildActionMask = 2147483647;
			files = (
			);
			runOnlyForDeploymentPostprocessing = 0;
		};
		1234F5FE2850A33A0078B008 /* Frameworks */ = {
			isa = PBXFrameworksBuildPhase;
			buildActionMask = 2147483647;
			files = (
			);
			runOnlyForDeploymentPostprocessing = 0;
		};
		12F01D9028488E3E00E42610 /* Frameworks */ = {
			isa = PBXFrameworksBuildPhase;
			buildActionMask = 2147483647;
			files = (
			);
			runOnlyForDeploymentPostprocessing = 0;
		};
/* End PBXFrameworksBuildPhase section */

/* Begin PBXGroup section */
		1234F5EF2850A32A0078B008 /* MacDemo */ = {
			isa = PBXGroup;
			children = (
				1234F5F02850A32A0078B008 /* AppDelegate.swift */,
				1234F5F22850A32A0078B008 /* ViewController.swift */,
				1234F5F42850A32B0078B008 /* Assets.xcassets */,
				1234F5F62850A32B0078B008 /* Main.storyboard */,
				1234F5F92850A32B0078B008 /* MacDemo.entitlements */,
			);
			path = MacDemo;
			sourceTree = "<group>";
		};
		1234F6022850A33A0078B008 /* iOSDemo */ = {
			isa = PBXGroup;
			children = (
				1234F6032850A33A0078B008 /* AppDelegate.swift */,
				1234F6052850A33A0078B008 /* SceneDelegate.swift */,
				1234F6072850A33A0078B008 /* ViewController.swift */,
				1234F6092850A33A0078B008 /* Main.storyboard */,
				1234F60C2850A33B0078B008 /* Assets.xcassets */,
				1234F60E2850A33B0078B008 /* LaunchScreen.storyboard */,
				1234F6112850A33B0078B008 /* Info.plist */,
			);
			path = iOSDemo;
			sourceTree = "<group>";
		};
		1284C81B284EFEB00015FE45 /* Frameworks */ = {
			isa = PBXGroup;
			children = (
			);
			name = Frameworks;
			sourceTree = "<group>";
		};
		12F01D8928488E3E00E42610 = {
			isa = PBXGroup;
			children = (
				12F01D9528488E3E00E42610 /* DeviceKit */,
				1234F5EF2850A32A0078B008 /* MacDemo */,
				1234F6022850A33A0078B008 /* iOSDemo */,
				12F01D9428488E3E00E42610 /* Products */,
				1284C81B284EFEB00015FE45 /* Frameworks */,
			);
			sourceTree = "<group>";
		};
		12F01D9428488E3E00E42610 /* Products */ = {
			isa = PBXGroup;
			children = (
				12F01D9328488E3E00E42610 /* DeviceKit.framework */,
				1234F5EE2850A32A0078B008 /* MacDemo.app */,
				1234F6012850A33A0078B008 /* iOSDemo.app */,
			);
			name = Products;
			sourceTree = "<group>";
		};
		12F01D9528488E3E00E42610 /* DeviceKit */ = {
			isa = PBXGroup;
			children = (
				12F01D9D28488E4A00E42610 /* Source */,
				12F01D9628488E3E00E42610 /* DeviceKit.h */,
			);
			path = DeviceKit;
			sourceTree = "<group>";
		};
		12F01D9D28488E4A00E42610 /* Source */ = {
			isa = PBXGroup;
			children = (
				12F01D9E28488F7800E42610 /* DeviceSize.swift */,
				1284C806284EECBC0015FE45 /* Device.swift */,
			);
			path = Source;
			sourceTree = "<group>";
		};
/* End PBXGroup section */

/* Begin PBXHeadersBuildPhase section */
		12F01D8E28488E3E00E42610 /* Headers */ = {
			isa = PBXHeadersBuildPhase;
			buildActionMask = 2147483647;
			files = (
				12F01D9728488E3E00E42610 /* DeviceKit.h in Headers */,
			);
			runOnlyForDeploymentPostprocessing = 0;
		};
/* End PBXHeadersBuildPhase section */

/* Begin PBXNativeTarget section */
		1234F5ED2850A32A0078B008 /* MacDemo */ = {
			isa = PBXNativeTarget;
			buildConfigurationList = 1234F5FA2850A32B0078B008 /* Build configuration list for PBXNativeTarget "MacDemo" */;
			buildPhases = (
				1234F5EA2850A32A0078B008 /* Sources */,
				1234F5EB2850A32A0078B008 /* Frameworks */,
				1234F5EC2850A32A0078B008 /* Resources */,
			);
			buildRules = (
			);
			dependencies = (
			);
			name = MacDemo;
			productName = MacDemo;
			productReference = 1234F5EE2850A32A0078B008 /* MacDemo.app */;
			productType = "com.apple.product-type.application";
		};
		1234F6002850A33A0078B008 /* iOSDemo */ = {
			isa = PBXNativeTarget;
			buildConfigurationList = 1234F6122850A33B0078B008 /* Build configuration list for PBXNativeTarget "iOSDemo" */;
			buildPhases = (
				1234F5FD2850A33A0078B008 /* Sources */,
				1234F5FE2850A33A0078B008 /* Frameworks */,
				1234F5FF2850A33A0078B008 /* Resources */,
			);
			buildRules = (
			);
			dependencies = (
			);
			name = iOSDemo;
			productName = iOSDemo;
			productReference = 1234F6012850A33A0078B008 /* iOSDemo.app */;
			productType = "com.apple.product-type.application";
		};
		12F01D9228488E3E00E42610 /* DeviceKit */ = {
			isa = PBXNativeTarget;
			buildConfigurationList = 12F01D9A28488E3E00E42610 /* Build configuration list for PBXNativeTarget "DeviceKit" */;
			buildPhases = (
				12F01D8E28488E3E00E42610 /* Headers */,
				12F01D8F28488E3E00E42610 /* Sources */,
				12F01D9028488E3E00E42610 /* Frameworks */,
				12F01D9128488E3E00E42610 /* Resources */,
			);
			buildRules = (
			);
			dependencies = (
			);
			name = DeviceKit;
			productName = DeviceKit;
			productReference = 12F01D9328488E3E00E42610 /* DeviceKit.framework */;
			productType = "com.apple.product-type.framework";
		};
/* End PBXNativeTarget section */

/* Begin PBXProject section */
		12F01D8A28488E3E00E42610 /* Project object */ = {
			isa = PBXProject;
			attributes = {
				BuildIndependentTargetsInParallel = 1;
				LastSwiftUpdateCheck = 1340;
				LastUpgradeCheck = 1340;
				TargetAttributes = {
					1234F5ED2850A32A0078B008 = {
						CreatedOnToolsVersion = 13.4;
					};
					1234F6002850A33A0078B008 = {
						CreatedOnToolsVersion = 13.4;
					};
					12F01D9228488E3E00E42610 = {
						CreatedOnToolsVersion = 13.4;
						LastSwiftMigration = 1340;
					};
				};
			};
			buildConfigurationList = 12F01D8D28488E3E00E42610 /* Build configuration list for PBXProject "DeviceKit" */;
			compatibilityVersion = "Xcode 13.0";
			developmentRegion = en;
			hasScannedForEncodings = 0;
			knownRegions = (
				en,
				Base,
			);
			mainGroup = 12F01D8928488E3E00E42610;
			productRefGroup = 12F01D9428488E3E00E42610 /* Products */;
			projectDirPath = "";
			projectRoot = "";
			targets = (
				12F01D9228488E3E00E42610 /* DeviceKit */,
				1234F5ED2850A32A0078B008 /* MacDemo */,
				1234F6002850A33A0078B008 /* iOSDemo */,
			);
		};
/* End PBXProject section */

/* Begin PBXResourcesBuildPhase section */
		1234F5EC2850A32A0078B008 /* Resources */ = {
			isa = PBXResourcesBuildPhase;
			buildActionMask = 2147483647;
			files = (
				1234F5F52850A32B0078B008 /* Assets.xcassets in Resources */,
				1234F5F82850A32B0078B008 /* Main.storyboard in Resources */,
			);
			runOnlyForDeploymentPostprocessing = 0;
		};
		1234F5FF2850A33A0078B008 /* Resources */ = {
			isa = PBXResourcesBuildPhase;
			buildActionMask = 2147483647;
			files = (
				1234F6102850A33B0078B008 /* LaunchScreen.storyboard in Resources */,
				1234F60D2850A33B0078B008 /* Assets.xcassets in Resources */,
				1234F60B2850A33A0078B008 /* Main.storyboard in Resources */,
			);
			runOnlyForDeploymentPostprocessing = 0;
		};
		12F01D9128488E3E00E42610 /* Resources */ = {
			isa = PBXResourcesBuildPhase;
			buildActionMask = 2147483647;
			files = (
			);
			runOnlyForDeploymentPostprocessing = 0;
		};
/* End PBXResourcesBuildPhase section */

/* Begin PBXSourcesBuildPhase section */
		1234F5EA2850A32A0078B008 /* Sources */ = {
			isa = PBXSourcesBuildPhase;
			buildActionMask = 2147483647;
			files = (
				1234F5F32850A32A0078B008 /* ViewController.swift in Sources */,
				1234F5F12850A32A0078B008 /* AppDelegate.swift in Sources */,
			);
			runOnlyForDeploymentPostprocessing = 0;
		};
		1234F5FD2850A33A0078B008 /* Sources */ = {
			isa = PBXSourcesBuildPhase;
			buildActionMask = 2147483647;
			files = (
				1234F6082850A33A0078B008 /* ViewController.swift in Sources */,
				1234F6042850A33A0078B008 /* AppDelegate.swift in Sources */,
				1234F6062850A33A0078B008 /* SceneDelegate.swift in Sources */,
			);
			runOnlyForDeploymentPostprocessing = 0;
		};
		12F01D8F28488E3E00E42610 /* Sources */ = {
			isa = PBXSourcesBuildPhase;
			buildActionMask = 2147483647;
			files = (
				1284C807284EECBC0015FE45 /* Device.swift in Sources */,
				12F01D9F28488F7800E42610 /* DeviceSize.swift in Sources */,
			);
			runOnlyForDeploymentPostprocessing = 0;
		};
/* End PBXSourcesBuildPhase section */

/* Begin PBXVariantGroup section */
		1234F5F62850A32B0078B008 /* Main.storyboard */ = {
			isa = PBXVariantGroup;
			children = (
				1234F5F72850A32B0078B008 /* Base */,
			);
			name = Main.storyboard;
			sourceTree = "<group>";
		};
		1234F6092850A33A0078B008 /* Main.storyboard */ = {
			isa = PBXVariantGroup;
			children = (
				1234F60A2850A33A0078B008 /* Base */,
			);
			name = Main.storyboard;
			sourceTree = "<group>";
		};
		1234F60E2850A33B0078B008 /* LaunchScreen.storyboard */ = {
			isa = PBXVariantGroup;
			children = (
				1234F60F2850A33B0078B008 /* Base */,
			);
			name = LaunchScreen.storyboard;
			sourceTree = "<group>";
		};
/* End PBXVariantGroup section */

/* Begin XCBuildConfiguration section */
		1234F5FB2850A32B0078B008 /* Debug */ = {
			isa = XCBuildConfiguration;
			buildSettings = {
				ASSETCATALOG_COMPILER_APPICON_NAME = AppIcon;
				ASSETCATALOG_COMPILER_GLOBAL_ACCENT_COLOR_NAME = AccentColor;
				CODE_SIGN_ENTITLEMENTS = MacDemo/MacDemo.entitlements;
				CODE_SIGN_STYLE = Automatic;
				COMBINE_HIDPI_IMAGES = YES;
				CURRENT_PROJECT_VERSION = 1;
				DEVELOPMENT_TEAM = "";
				ENABLE_HARDENED_RUNTIME = YES;
				GENERATE_INFOPLIST_FILE = YES;
				INFOPLIST_KEY_NSHumanReadableCopyright = "";
				INFOPLIST_KEY_NSMainStoryboardFile = Main;
				INFOPLIST_KEY_NSPrincipalClass = NSApplication;
				LD_RUNPATH_SEARCH_PATHS = (
					"$(inherited)",
					"@executable_path/../Frameworks",
				);
				MARKETING_VERSION = 1.0;
				PRODUCT_BUNDLE_IDENTIFIER = com.boni.pc.MacDemo;
				PRODUCT_NAME = "$(TARGET_NAME)";
				SDKROOT = macosx;
				SWIFT_EMIT_LOC_STRINGS = YES;
				SWIFT_VERSION = 5.0;
			};
			name = Debug;
		};
		1234F5FC2850A32B0078B008 /* Release */ = {
			isa = XCBuildConfiguration;
			buildSettings = {
				ASSETCATALOG_COMPILER_APPICON_NAME = AppIcon;
				ASSETCATALOG_COMPILER_GLOBAL_ACCENT_COLOR_NAME = AccentColor;
				CODE_SIGN_ENTITLEMENTS = MacDemo/MacDemo.entitlements;
				CODE_SIGN_STYLE = Automatic;
				COMBINE_HIDPI_IMAGES = YES;
				CURRENT_PROJECT_VERSION = 1;
				DEVELOPMENT_TEAM = "";
				ENABLE_HARDENED_RUNTIME = YES;
				GENERATE_INFOPLIST_FILE = YES;
				INFOPLIST_KEY_NSHumanReadableCopyright = "";
				INFOPLIST_KEY_NSMainStoryboardFile = Main;
				INFOPLIST_KEY_NSPrincipalClass = NSApplication;
				LD_RUNPATH_SEARCH_PATHS = (
					"$(inherited)",
					"@executable_path/../Frameworks",
				);
				MARKETING_VERSION = 1.0;
				PRODUCT_BUNDLE_IDENTIFIER = com.boni.pc.MacDemo;
				PRODUCT_NAME = "$(TARGET_NAME)";
				SDKROOT = macosx;
				SWIFT_EMIT_LOC_STRINGS = YES;
				SWIFT_VERSION = 5.0;
			};
			name = Release;
		};
		1234F6132850A33B0078B008 /* Debug */ = {
			isa = XCBuildConfiguration;
			buildSettings = {
				ASSETCATALOG_COMPILER_APPICON_NAME = AppIcon;
				ASSETCATALOG_COMPILER_GLOBAL_ACCENT_COLOR_NAME = AccentColor;
				CODE_SIGN_STYLE = Automatic;
				CURRENT_PROJECT_VERSION = 1;
				DEVELOPMENT_TEAM = "";
				GENERATE_INFOPLIST_FILE = YES;
				INFOPLIST_FILE = iOSDemo/Info.plist;
				INFOPLIST_KEY_UIApplicationSupportsIndirectInputEvents = YES;
				INFOPLIST_KEY_UILaunchStoryboardName = LaunchScreen;
				INFOPLIST_KEY_UIMainStoryboardFile = Main;
				INFOPLIST_KEY_UISupportedInterfaceOrientations_iPad = "UIInterfaceOrientationPortrait UIInterfaceOrientationPortraitUpsideDown UIInterfaceOrientationLandscapeLeft UIInterfaceOrientationLandscapeRight";
				INFOPLIST_KEY_UISupportedInterfaceOrientations_iPhone = "UIInterfaceOrientationPortrait UIInterfaceOrientationLandscapeLeft UIInterfaceOrientationLandscapeRight";
				LD_RUNPATH_SEARCH_PATHS = (
					"$(inherited)",
					"@executable_path/Frameworks",
				);
				MARKETING_VERSION = 1.0;
				PRODUCT_BUNDLE_IDENTIFIER = com.boni.pc.iOSDemo;
				PRODUCT_NAME = "$(TARGET_NAME)";
				SWIFT_EMIT_LOC_STRINGS = YES;
				SWIFT_VERSION = 5.0;
				TARGETED_DEVICE_FAMILY = "1,2";
			};
			name = Debug;
		};
		1234F6142850A33B0078B008 /* Release */ = {
			isa = XCBuildConfiguration;
			buildSettings = {
				ASSETCATALOG_COMPILER_APPICON_NAME = AppIcon;
				ASSETCATALOG_COMPILER_GLOBAL_ACCENT_COLOR_NAME = AccentColor;
				CODE_SIGN_STYLE = Automatic;
				CURRENT_PROJECT_VERSION = 1;
				DEVELOPMENT_TEAM = "";
				GENERATE_INFOPLIST_FILE = YES;
				INFOPLIST_FILE = iOSDemo/Info.plist;
				INFOPLIST_KEY_UIApplicationSupportsIndirectInputEvents = YES;
				INFOPLIST_KEY_UILaunchStoryboardName = LaunchScreen;
				INFOPLIST_KEY_UIMainStoryboardFile = Main;
				INFOPLIST_KEY_UISupportedInterfaceOrientations_iPad = "UIInterfaceOrientationPortrait UIInterfaceOrientationPortraitUpsideDown UIInterfaceOrientationLandscapeLeft UIInterfaceOrientationLandscapeRight";
				INFOPLIST_KEY_UISupportedInterfaceOrientations_iPhone = "UIInterfaceOrientationPortrait UIInterfaceOrientationLandscapeLeft UIInterfaceOrientationLandscapeRight";
				LD_RUNPATH_SEARCH_PATHS = (
					"$(inherited)",
					"@executable_path/Frameworks",
				);
				MARKETING_VERSION = 1.0;
				PRODUCT_BUNDLE_IDENTIFIER = com.boni.pc.iOSDemo;
				PRODUCT_NAME = "$(TARGET_NAME)";
				SWIFT_EMIT_LOC_STRINGS = YES;
				SWIFT_VERSION = 5.0;
				TARGETED_DEVICE_FAMILY = "1,2";
			};
			name = Release;
		};
		12F01D9828488E3E00E42610 /* Debug */ = {
			isa = XCBuildConfiguration;
			buildSettings = {
				ALWAYS_SEARCH_USER_PATHS = NO;
				CLANG_ANALYZER_NONNULL = YES;
				CLANG_ANALYZER_NUMBER_OBJECT_CONVERSION = YES_AGGRESSIVE;
				CLANG_CXX_LANGUAGE_STANDARD = "gnu++17";
				CLANG_ENABLE_MODULES = YES;
				CLANG_ENABLE_OBJC_ARC = YES;
				CLANG_ENABLE_OBJC_WEAK = YES;
				CLANG_WARN_BLOCK_CAPTURE_AUTORELEASING = YES;
				CLANG_WARN_BOOL_CONVERSION = YES;
				CLANG_WARN_COMMA = YES;
				CLANG_WARN_CONSTANT_CONVERSION = YES;
				CLANG_WARN_DEPRECATED_OBJC_IMPLEMENTATIONS = YES;
				CLANG_WARN_DIRECT_OBJC_ISA_USAGE = YES_ERROR;
				CLANG_WARN_DOCUMENTATION_COMMENTS = YES;
				CLANG_WARN_EMPTY_BODY = YES;
				CLANG_WARN_ENUM_CONVERSION = YES;
				CLANG_WARN_INFINITE_RECURSION = YES;
				CLANG_WARN_INT_CONVERSION = YES;
				CLANG_WARN_NON_LITERAL_NULL_CONVERSION = YES;
				CLANG_WARN_OBJC_IMPLICIT_RETAIN_SELF = YES;
				CLANG_WARN_OBJC_LITERAL_CONVERSION = YES;
				CLANG_WARN_OBJC_ROOT_CLASS = YES_ERROR;
				CLANG_WARN_QUOTED_INCLUDE_IN_FRAMEWORK_HEADER = YES;
				CLANG_WARN_RANGE_LOOP_ANALYSIS = YES;
				CLANG_WARN_STRICT_PROTOTYPES = YES;
				CLANG_WARN_SUSPICIOUS_MOVE = YES;
				CLANG_WARN_UNGUARDED_AVAILABILITY = YES_AGGRESSIVE;
				CLANG_WARN_UNREACHABLE_CODE = YES;
				CLANG_WARN__DUPLICATE_METHOD_MATCH = YES;
				COPY_PHASE_STRIP = NO;
				CURRENT_PROJECT_VERSION = 1;
				DEBUG_INFORMATION_FORMAT = dwarf;
				ENABLE_STRICT_OBJC_MSGSEND = YES;
				ENABLE_TESTABILITY = YES;
				GCC_C_LANGUAGE_STANDARD = gnu11;
				GCC_DYNAMIC_NO_PIC = NO;
				GCC_NO_COMMON_BLOCKS = YES;
				GCC_OPTIMIZATION_LEVEL = 0;
				GCC_PREPROCESSOR_DEFINITIONS = (
					"DEBUG=1",
					"$(inherited)",
				);
				GCC_WARN_64_TO_32_BIT_CONVERSION = YES;
				GCC_WARN_ABOUT_RETURN_TYPE = YES_ERROR;
				GCC_WARN_UNDECLARED_SELECTOR = YES;
				GCC_WARN_UNINITIALIZED_AUTOS = YES_AGGRESSIVE;
				GCC_WARN_UNUSED_FUNCTION = YES;
				GCC_WARN_UNUSED_VARIABLE = YES;
				IPHONEOS_DEPLOYMENT_TARGET = 15.5;
				MACOSX_DEPLOYMENT_TARGET = 12.3;
				MTL_ENABLE_DEBUG_INFO = INCLUDE_SOURCE;
				MTL_FAST_MATH = YES;
				ONLY_ACTIVE_ARCH = YES;
				SDKROOT = iphoneos;
				SWIFT_ACTIVE_COMPILATION_CONDITIONS = DEBUG;
				SWIFT_OPTIMIZATION_LEVEL = "-Onone";
				VERSIONING_SYSTEM = "apple-generic";
				VERSION_INFO_PREFIX = "";
			};
			name = Debug;
		};
		12F01D9928488E3E00E42610 /* Release */ = {
			isa = XCBuildConfiguration;
			buildSettings = {
				ALWAYS_SEARCH_USER_PATHS = NO;
				CLANG_ANALYZER_NONNULL = YES;
				CLANG_ANALYZER_NUMBER_OBJECT_CONVERSION = YES_AGGRESSIVE;
				CLANG_CXX_LANGUAGE_STANDARD = "gnu++17";
				CLANG_ENABLE_MODULES = YES;
				CLANG_ENABLE_OBJC_ARC = YES;
				CLANG_ENABLE_OBJC_WEAK = YES;
				CLANG_WARN_BLOCK_CAPTURE_AUTORELEASING = YES;
				CLANG_WARN_BOOL_CONVERSION = YES;
				CLANG_WARN_COMMA = YES;
				CLANG_WARN_CONSTANT_CONVERSION = YES;
				CLANG_WARN_DEPRECATED_OBJC_IMPLEMENTATIONS = YES;
				CLANG_WARN_DIRECT_OBJC_ISA_USAGE = YES_ERROR;
				CLANG_WARN_DOCUMENTATION_COMMENTS = YES;
				CLANG_WARN_EMPTY_BODY = YES;
				CLANG_WARN_ENUM_CONVERSION = YES;
				CLANG_WARN_INFINITE_RECURSION = YES;
				CLANG_WARN_INT_CONVERSION = YES;
				CLANG_WARN_NON_LITERAL_NULL_CONVERSION = YES;
				CLANG_WARN_OBJC_IMPLICIT_RETAIN_SELF = YES;
				CLANG_WARN_OBJC_LITERAL_CONVERSION = YES;
				CLANG_WARN_OBJC_ROOT_CLASS = YES_ERROR;
				CLANG_WARN_QUOTED_INCLUDE_IN_FRAMEWORK_HEADER = YES;
				CLANG_WARN_RANGE_LOOP_ANALYSIS = YES;
				CLANG_WARN_STRICT_PROTOTYPES = YES;
				CLANG_WARN_SUSPICIOUS_MOVE = YES;
				CLANG_WARN_UNGUARDED_AVAILABILITY = YES_AGGRESSIVE;
				CLANG_WARN_UNREACHABLE_CODE = YES;
				CLANG_WARN__DUPLICATE_METHOD_MATCH = YES;
				COPY_PHASE_STRIP = NO;
				CURRENT_PROJECT_VERSION = 1;
				DEBUG_INFORMATION_FORMAT = "dwarf-with-dsym";
				ENABLE_NS_ASSERTIONS = NO;
				ENABLE_STRICT_OBJC_MSGSEND = YES;
				GCC_C_LANGUAGE_STANDARD = gnu11;
				GCC_NO_COMMON_BLOCKS = YES;
				GCC_WARN_64_TO_32_BIT_CONVERSION = YES;
				GCC_WARN_ABOUT_RETURN_TYPE = YES_ERROR;
				GCC_WARN_UNDECLARED_SELECTOR = YES;
				GCC_WARN_UNINITIALIZED_AUTOS = YES_AGGRESSIVE;
				GCC_WARN_UNUSED_FUNCTION = YES;
				GCC_WARN_UNUSED_VARIABLE = YES;
				IPHONEOS_DEPLOYMENT_TARGET = 15.5;
				MACOSX_DEPLOYMENT_TARGET = 12.3;
				MTL_ENABLE_DEBUG_INFO = NO;
				MTL_FAST_MATH = YES;
				SDKROOT = iphoneos;
				SWIFT_COMPILATION_MODE = wholemodule;
				SWIFT_OPTIMIZATION_LEVEL = "-O";
				VALIDATE_PRODUCT = YES;
				VERSIONING_SYSTEM = "apple-generic";
				VERSION_INFO_PREFIX = "";
			};
			name = Release;
		};
		12F01D9B28488E3E00E42610 /* Debug */ = {
			isa = XCBuildConfiguration;
			buildSettings = {
				ALLOW_TARGET_PLATFORM_SPECIALIZATION = YES;
				CLANG_ENABLE_MODULES = YES;
				CODE_SIGN_STYLE = Automatic;
				CURRENT_PROJECT_VERSION = 1;
				DEFINES_MODULE = YES;
				DEVELOPMENT_TEAM = F4VVXLWN8L;
				DYLIB_COMPATIBILITY_VERSION = 1;
				DYLIB_CURRENT_VERSION = 1;
				DYLIB_INSTALL_NAME_BASE = "@rpath";
				GENERATE_INFOPLIST_FILE = YES;
				INFOPLIST_KEY_NSHumanReadableCopyright = "";
				INSTALL_PATH = "$(LOCAL_LIBRARY_DIR)/Frameworks";
				IPHONEOS_DEPLOYMENT_TARGET = 9.0;
				"IPHONEOS_DEPLOYMENT_TARGET[sdk=macosx*]" = 13.1;
				LD_RUNPATH_SEARCH_PATHS = (
					"$(inherited)",
					"@executable_path/Frameworks",
					"@loader_path/Frameworks",
				);
				MARKETING_VERSION = 1.0;
				PRODUCT_BUNDLE_IDENTIFIER = com.boni.pc.DeviceKit;
				PRODUCT_NAME = "$(TARGET_NAME:c99extidentifier)";
				SDKROOT = iphoneos;
				SKIP_INSTALL = YES;
				SUPPORTED_PLATFORMS = "watchsimulator watchos macosx iphonesimulator iphoneos driverkit appletvsimulator appletvos";
				SUPPORTS_MACCATALYST = YES;
				SWIFT_EMIT_LOC_STRINGS = YES;
				SWIFT_OPTIMIZATION_LEVEL = "-Onone";
				SWIFT_VERSION = 5.0;
				TARGETED_DEVICE_FAMILY = "1,2";
			};
			name = Debug;
		};
		12F01D9C28488E3E00E42610 /* Release */ = {
			isa = XCBuildConfiguration;
			buildSettings = {
				ALLOW_TARGET_PLATFORM_SPECIALIZATION = YES;
				CLANG_ENABLE_MODULES = YES;
				CODE_SIGN_STYLE = Automatic;
				CURRENT_PROJECT_VERSION = 1;
				DEFINES_MODULE = YES;
				DEVELOPMENT_TEAM = F4VVXLWN8L;
				DYLIB_COMPATIBILITY_VERSION = 1;
				DYLIB_CURRENT_VERSION = 1;
				DYLIB_INSTALL_NAME_BASE = "@rpath";
				GENERATE_INFOPLIST_FILE = YES;
				INFOPLIST_KEY_NSHumanReadableCopyright = "";
				INSTALL_PATH = "$(LOCAL_LIBRARY_DIR)/Frameworks";
				IPHONEOS_DEPLOYMENT_TARGET = 9.0;
				"IPHONEOS_DEPLOYMENT_TARGET[sdk=macosx*]" = 13.1;
				LD_RUNPATH_SEARCH_PATHS = (
					"$(inherited)",
					"@executable_path/Frameworks",
					"@loader_path/Frameworks",
				);
				MARKETING_VERSION = 1.0;
				PRODUCT_BUNDLE_IDENTIFIER = com.boni.pc.DeviceKit;
				PRODUCT_NAME = "$(TARGET_NAME:c99extidentifier)";
				SDKROOT = iphoneos;
				SKIP_INSTALL = YES;
				SUPPORTED_PLATFORMS = "watchsimulator watchos macosx iphonesimulator iphoneos driverkit appletvsimulator appletvos";
				SUPPORTS_MACCATALYST = YES;
				SWIFT_EMIT_LOC_STRINGS = YES;
				SWIFT_VERSION = 5.0;
				TARGETED_DEVICE_FAMILY = "1,2";
			};
			name = Release;
		};
/* End XCBuildConfiguration section */

/* Begin XCConfigurationList section */
		1234F5FA2850A32B0078B008 /* Build configuration list for PBXNativeTarget "MacDemo" */ = {
			isa = XCConfigurationList;
			buildConfigurations = (
				1234F5FB2850A32B0078B008 /* Debug */,
				1234F5FC2850A32B0078B008 /* Release */,
			);
			defaultConfigurationIsVisible = 0;
			defaultConfigurationName = Release;
		};
		1234F6122850A33B0078B008 /* Build configuration list for PBXNativeTarget "iOSDemo" */ = {
			isa = XCConfigurationList;
			buildConfigurations = (
				1234F6132850A33B0078B008 /* Debug */,
				1234F6142850A33B0078B008 /* Release */,
			);
			defaultConfigurationIsVisible = 0;
			defaultConfigurationName = Release;
		};
		12F01D8D28488E3E00E42610 /* Build configuration list for PBXProject "DeviceKit" */ = {
			isa = XCConfigurationList;
			buildConfigurations = (
				12F01D9828488E3E00E42610 /* Debug */,
				12F01D9928488E3E00E42610 /* Release */,
			);
			defaultConfigurationIsVisible = 0;
			defaultConfigurationName = Release;
		};
		12F01D9A28488E3E00E42610 /* Build configuration list for PBXNativeTarget "DeviceKit" */ = {
			isa = XCConfigurationList;
			buildConfigurations = (
				12F01D9B28488E3E00E42610 /* Debug */,
				12F01D9C28488E3E00E42610 /* Release */,
			);
			defaultConfigurationIsVisible = 0;
			defaultConfigurationName = Release;
		};
/* End XCConfigurationList section */
	};
	rootObject = 12F01D8A28488E3E00E42610 /* Project object */;
}
